
Microsoft Visual Studio Solution File, Format Version 12.00
# Visual Studio Version 16
VisualStudioVersion = 16.0.32002.261
MinimumVisualStudioVersion = 10.0.40219.1
Project("{9A19103F-16F7-4668-BE54-9A1E7A4F7556}") = "BrBadApi", "BrBadApi\BrBadApi.csproj", "{95BE4848-4A59-4E9C-B03C-611CD1370C2F}"
EndProject
Project("{9A19103F-16F7-4668-BE54-9A1E7A4F7556}") = "BreakingBadApiTest", "..\BreakingBadApi\BreakingBadApiTest\BreakingBadApiTest.csproj", "{9727ADD3-7ED2-42B8-B15B-AD04FFC4E7E4}"
EndProject
Global
	GlobalSection(SolutionConfigurationPlatforms) = preSolution
		Debug|Any CPU = Debug|Any CPU
		Release|Any CPU = Release|Any CPU
	EndGlobalSection
	GlobalSection(ProjectConfigurationPlatforms) = postSolution
		{95BE4848-4A59-4E9C-B03C-611CD1370C2F}.Debug|Any CPU.ActiveCfg = Debug|Any CPU
		{95BE4848-4A59-4E9C-B03C-611CD1370C2F}.Debug|Any CPU.Build.0 = Debug|Any CPU
		{95BE4848-4A59-4E9C-B03C-611CD1370C2F}.Release|Any CPU.ActiveCfg = Release|Any CPU
		{95BE4848-4A59-4E9C-B03C-611CD1370C2F}.Release|Any CPU.Build.0 = Release|Any CPU
		{9727ADD3-7ED2-42B8-B15B-AD04FFC4E7E4}.Debug|Any CPU.ActiveCfg = Debug|Any CPU
		{9727ADD3-7ED2-42B8-B15B-AD04FFC4E7E4}.Debug|Any CPU.Build.0 = Debug|Any CPU
		{9727ADD3-7ED2-42B8-B15B-AD04FFC4E7E4}.Release|Any CPU.ActiveCfg = Release|Any CPU
		{9727ADD3-7ED2-42B8-B15B-AD04FFC4E7E4}.Release|Any CPU.Build.0 = Release|Any CPU
	EndGlobalSection
	GlobalSection(SolutionProperties) = preSolution
		HideSolutionNode = FALSE
	EndGlobalSection
	GlobalSection(ExtensibilityGlobals) = postSolution
		SolutionGuid = {5C6CE1DF-C5E3-4CE4-B188-5683B60ECF58}
	EndGlobalSection
EndGlobal
